// !$*UTF8*$!
{
	archiveVersion = 1;
	classes = {
	};
	objectVersion = 55;
	objects = {

/* Begin PBXBuildFile section */
		1B10D4962A01481600B99F0C /* Assets.xcassets in Resources */ = {isa = PBXBuildFile; fileRef = 1B10D4952A01481600B99F0C /* Assets.xcassets */; };
		1B10D4992A01481600B99F0C /* LaunchScreen.storyboard in Resources */ = {isa = PBXBuildFile; fileRef = 1B10D4972A01481600B99F0C /* LaunchScreen.storyboard */; };
		1BCE414E2A014BE6009841EC /* Main.storyboard in Resources */ = {isa = PBXBuildFile; fileRef = 1BCE414D2A014BE6009841EC /* Main.storyboard */; };
		1BE9FCE62A0148BF00B40E35 /* APIService.swift in Sources */ = {isa = PBXBuildFile; fileRef = 1BE9FCE52A0148BF00B40E35 /* APIService.swift */; };
		1BE9FCE82A0148C900B40E35 /* DetailViewController.swift in Sources */ = {isa = PBXBuildFile; fileRef = 1BE9FCE72A0148C900B40E35 /* DetailViewController.swift */; };
		1BE9FCEC2A0148D100B40E35 /* AppDelegate.swift in Sources */ = {isa = PBXBuildFile; fileRef = 1BE9FCE92A0148D100B40E35 /* AppDelegate.swift */; };
		1BE9FCEE2A0148D100B40E35 /* SceneDelegate.swift in Sources */ = {isa = PBXBuildFile; fileRef = 1BE9FCEB2A0148D100B40E35 /* SceneDelegate.swift */; };
		1BE9FCF02A0148D700B40E35 /* ViewController.swift in Sources */ = {isa = PBXBuildFile; fileRef = 1BE9FCEF2A0148D700B40E35 /* ViewController.swift */; };
		1BE9FCF72A01496E00B40E35 /* Movie.swift in Sources */ = {isa = PBXBuildFile; fileRef = 1BE9FCF62A01496E00B40E35 /* Movie.swift */; };
/* End PBXBuildFile section */

/* Begin PBXFileReference section */
		01499CF22BC7069B00F9D466 /* README.md */ = {isa = PBXFileReference; lastKnownFileType = net.daringfireball.markdown; path = README.md; sourceTree = "<group>"; };
		1B10D4892A01481500B99F0C /* TIC-ConsumoAPI-Template.app */ = {isa = PBXFileReference; explicitFileType = wrapper.application; includeInIndex = 0; path = "TIC-ConsumoAPI-Template.app"; sourceTree = BUILT_PRODUCTS_DIR; };
		1B10D4952A01481600B99F0C /* Assets.xcassets */ = {isa = PBXFileReference; lastKnownFileType = folder.assetcatalog; path = Assets.xcassets; sourceTree = "<group>"; };
		1B10D4982A01481600B99F0C /* Base */ = {isa = PBXFileReference; lastKnownFileType = file.storyboard; name = Base; path = Base.lproj/LaunchScreen.storyboard; sourceTree = "<group>"; };
		1B10D49A2A01481600B99F0C /* Info.plist */ = {isa = PBXFileReference; lastKnownFileType = text.plist.xml; path = Info.plist; sourceTree = "<group>"; };
		1BCE414D2A014BE6009841EC /* Main.storyboard */ = {isa = PBXFileReference; fileEncoding = 4; lastKnownFileType = file.storyboard; path = Main.storyboard; sourceTree = "<group>"; };
		1BE9FCE52A0148BF00B40E35 /* APIService.swift */ = {isa = PBXFileReference; fileEncoding = 4; lastKnownFileType = sourcecode.swift; path = APIService.swift; sourceTree = "<group>"; };
		1BE9FCE72A0148C900B40E35 /* DetailViewController.swift */ = {isa = PBXFileReference; fileEncoding = 4; lastKnownFileType = sourcecode.swift; path = DetailViewController.swift; sourceTree = "<group>"; };
		1BE9FCE92A0148D100B40E35 /* AppDelegate.swift */ = {isa = PBXFileReference; fileEncoding = 4; lastKnownFileType = sourcecode.swift; path = AppDelegate.swift; sourceTree = "<group>"; };
		1BE9FCEB2A0148D100B40E35 /* SceneDelegate.swift */ = {isa = PBXFileReference; fileEncoding = 4; lastKnownFileType = sourcecode.swift; path = SceneDelegate.swift; sourceTree = "<group>"; };
		1BE9FCEF2A0148D700B40E35 /* ViewController.swift */ = {isa = PBXFileReference; fileEncoding = 4; lastKnownFileType = sourcecode.swift; path = ViewController.swift; sourceTree = "<group>"; };
		1BE9FCF62A01496E00B40E35 /* Movie.swift */ = {isa = PBXFileReference; lastKnownFileType = sourcecode.swift; path = Movie.swift; sourceTree = "<group>"; };
/* End PBXFileReference section */

/* Begin PBXFrameworksBuildPhase section */
		1B10D4862A01481500B99F0C /* Frameworks */ = {
			isa = PBXFrameworksBuildPhase;
			buildActionMask = 2147483647;
			files = (
			);
			runOnlyForDeploymentPostprocessing = 0;
		};
/* End PBXFrameworksBuildPhase section */

/* Begin PBXGroup section */
		1B10D4802A01481500B99F0C = {
			isa = PBXGroup;
			children = (
				1B10D48B2A01481500B99F0C /* TIC-ConsumoAPI-Template */,
				1B10D48A2A01481500B99F0C /* Products */,
			);
			sourceTree = "<group>";
		};
		1B10D48A2A01481500B99F0C /* Products */ = {
			isa = PBXGroup;
			children = (
				1B10D4892A01481500B99F0C /* TIC-ConsumoAPI-Template.app */,
			);
			name = Products;
			sourceTree = "<group>";
		};
		1B10D48B2A01481500B99F0C /* TIC-ConsumoAPI-Template */ = {
			isa = PBXGroup;
			children = (
				1BE9FCF12A0148FA00B40E35 /* App */,
				1BE9FCF52A01496400B40E35 /* Model */,
				1BE9FCF42A01494E00B40E35 /* Service */,
				1BE9FCFD2A014BA700B40E35 /* Storyboards */,
				1BE9FCF22A01490700B40E35 /* ViewControllers */,
				1B10D4952A01481600B99F0C /* Assets.xcassets */,
				1B10D49A2A01481600B99F0C /* Info.plist */,
				01499CF22BC7069B00F9D466 /* README.md */,
			);
			path = "TIC-ConsumoAPI-Template";
			sourceTree = "<group>";
		};
		1BE9FCF12A0148FA00B40E35 /* App */ = {
			isa = PBXGroup;
			children = (
				1BE9FCE92A0148D100B40E35 /* AppDelegate.swift */,
				1BE9FCEB2A0148D100B40E35 /* SceneDelegate.swift */,
			);
			path = App;
			sourceTree = "<group>";
		};
		1BE9FCF22A01490700B40E35 /* ViewControllers */ = {
			isa = PBXGroup;
			children = (
				1BE9FCEF2A0148D700B40E35 /* ViewController.swift */,
				1BE9FCE72A0148C900B40E35 /* DetailViewController.swift */,
			);
			path = ViewControllers;
			sourceTree = "<group>";
		};
		1BE9FCF42A01494E00B40E35 /* Service */ = {
			isa = PBXGroup;
			children = (
				1BE9FCE52A0148BF00B40E35 /* APIService.swift */,
			);
			path = Service;
			sourceTree = "<group>";
		};
		1BE9FCF52A01496400B40E35 /* Model */ = {
			isa = PBXGroup;
			children = (
				1BE9FCF62A01496E00B40E35 /* Movie.swift */,
			);
			path = Model;
			sourceTree = "<group>";
		};
		1BE9FCFD2A014BA700B40E35 /* Storyboards */ = {
			isa = PBXGroup;
			children = (
				1BCE414D2A014BE6009841EC /* Main.storyboard */,
				1B10D4972A01481600B99F0C /* LaunchScreen.storyboard */,
			);
			path = Storyboards;
			sourceTree = "<group>";
		};
/* End PBXGroup section */

/* Begin PBXNativeTarget section */
		1B10D4882A01481500B99F0C /* TIC-ConsumoAPI-Template */ = {
			isa = PBXNativeTarget;
			buildConfigurationList = 1B10D49D2A01481600B99F0C /* Build configuration list for PBXNativeTarget "TIC-ConsumoAPI-Template" */;
			buildPhases = (
				1B10D4852A01481500B99F0C /* Sources */,
				1B10D4862A01481500B99F0C /* Frameworks */,
				1B10D4872A01481500B99F0C /* Resources */,
			);
			buildRules = (
			);
			dependencies = (
			);
			name = "TIC-ConsumoAPI-Template";
			productName = "TIC-ConsumoAPI-Template";
			productReference = 1B10D4892A01481500B99F0C /* TIC-ConsumoAPI-Template.app */;
			productType = "com.apple.product-type.application";
		};
/* End PBXNativeTarget section */

/* Begin PBXProject section */
		1B10D4812A01481500B99F0C /* Project object */ = {
			isa = PBXProject;
			attributes = {
				BuildIndependentTargetsInParallel = 1;
				LastSwiftUpdateCheck = 1410;
				LastUpgradeCheck = 1410;
				TargetAttributes = {
					1B10D4882A01481500B99F0C = {
						CreatedOnToolsVersion = 14.1;
						LastSwiftMigration = 1410;
					};
				};
			};
			buildConfigurationList = 1B10D4842A01481500B99F0C /* Build configuration list for PBXProject "TIC-ConsumoAPI-Template" */;
			compatibilityVersion = "Xcode 13.0";
			developmentRegion = en;
			hasScannedForEncodings = 0;
			knownRegions = (
				en,
				Base,
			);
			mainGroup = 1B10D4802A01481500B99F0C;
			productRefGroup = 1B10D48A2A01481500B99F0C /* Products */;
			projectDirPath = "";
			projectRoot = "";
			targets = (
				1B10D4882A01481500B99F0C /* TIC-ConsumoAPI-Template */,
			);
		};
/* End PBXProject section */

/* Begin PBXResourcesBuildPhase section */
		1B10D4872A01481500B99F0C /* Resources */ = {
			isa = PBXResourcesBuildPhase;
			buildActionMask = 2147483647;
			files = (
				1B10D4992A01481600B99F0C /* LaunchScreen.storyboard in Resources */,
				1B10D4962A01481600B99F0C /* Assets.xcassets in Resources */,
				1BCE414E2A014BE6009841EC /* Main.storyboard in Resources */,
			);
			runOnlyForDeploymentPostprocessing = 0;
		};
/* End PBXResourcesBuildPhase section */

/* Begin PBXSourcesBuildPhase section */
		1B10D4852A01481500B99F0C /* Sources */ = {
			isa = PBXSourcesBuildPhase;
			buildActionMask = 2147483647;
			files = (
				1BE9FCF72A01496E00B40E35 /* Movie.swift in Sources */,
				1BE9FCEC2A0148D100B40E35 /* AppDelegate.swift in Sources */,
				1BE9FCE82A0148C900B40E35 /* DetailViewController.swift in Sources */,
				1BE9FCE62A0148BF00B40E35 /* APIService.swift in Sources */,
				1BE9FCF02A0148D700B40E35 /* ViewController.swift in Sources */,
				1BE9FCEE2A0148D100B40E35 /* SceneDelegate.swift in Sources */,
			);
			runOnlyForDeploymentPostprocessing = 0;
		};
/* End PBXSourcesBuildPhase section */

/* Begin PBXVariantGroup section */
		1B10D4972A01481600B99F0C /* LaunchScreen.storyboard */ = {
			isa = PBXVariantGroup;
			children = (
				1B10D4982A01481600B99F0C /* Base */,
			);
			name = LaunchScreen.storyboard;
			sourceTree = "<group>";
		};
/* End PBXVariantGroup section */

/* Begin XCBuildConfiguration section */
		1B10D49B2A01481600B99F0C /* Debug */ = {
			isa = XCBuildConfiguration;
			buildSettings = {
				ALWAYS_SEARCH_USER_PATHS = NO;
				CLANG_ANALYZER_NONNULL = YES;
				CLANG_ANALYZER_NUMBER_OBJECT_CONVERSION = YES_AGGRESSIVE;
				CLANG_CXX_LANGUAGE_STANDARD = "gnu++20";
				CLANG_ENABLE_MODULES = YES;
				CLANG_ENABLE_OBJC_ARC = YES;
				CLANG_ENABLE_OBJC_WEAK = YES;
				CLANG_WARN_BLOCK_CAPTURE_AUTORELEASING = YES;
				CLANG_WARN_BOOL_CONVERSION = YES;
				CLANG_WARN_COMMA = YES;
				CLANG_WARN_CONSTANT_CONVERSION = YES;
				CLANG_WARN_DEPRECATED_OBJC_IMPLEMENTATIONS = YES;
				CLANG_WARN_DIRECT_OBJC_ISA_USAGE = YES_ERROR;
				CLANG_WARN_DOCUMENTATION_COMMENTS = YES;
				CLANG_WARN_EMPTY_BODY = YES;
				CLANG_WARN_ENUM_CONVERSION = YES;
				CLANG_WARN_INFINITE_RECURSION = YES;
				CLANG_WARN_INT_CONVERSION = YES;
				CLANG_WARN_NON_LITERAL_NULL_CONVERSION = YES;
				CLANG_WARN_OBJC_IMPLICIT_RETAIN_SELF = YES;
				CLANG_WARN_OBJC_LITERAL_CONVERSION = YES;
				CLANG_WARN_OBJC_ROOT_CLASS = YES_ERROR;
				CLANG_WARN_QUOTED_INCLUDE_IN_FRAMEWORK_HEADER = YES;
				CLANG_WARN_RANGE_LOOP_ANALYSIS = YES;
				CLANG_WARN_STRICT_PROTOTYPES = YES;
				CLANG_WARN_SUSPICIOUS_MOVE = YES;
				CLANG_WARN_UNGUARDED_AVAILABILITY = YES_AGGRESSIVE;
				CLANG_WARN_UNREACHABLE_CODE = YES;
				CLANG_WARN__DUPLICATE_METHOD_MATCH = YES;
				COPY_PHASE_STRIP = NO;
				DEBUG_INFORMATION_FORMAT = dwarf;
				ENABLE_STRICT_OBJC_MSGSEND = YES;
				ENABLE_TESTABILITY = YES;
				GCC_C_LANGUAGE_STANDARD = gnu11;
				GCC_DYNAMIC_NO_PIC = NO;
				GCC_NO_COMMON_BLOCKS = YES;
				GCC_OPTIMIZATION_LEVEL = 0;
				GCC_PREPROCESSOR_DEFINITIONS = (
					"DEBUG=1",
					"$(inherited)",
				);
				GCC_WARN_64_TO_32_BIT_CONVERSION = YES;
				GCC_WARN_ABOUT_RETURN_TYPE = YES_ERROR;
				GCC_WARN_UNDECLARED_SELECTOR = YES;
				GCC_WARN_UNINITIALIZED_AUTOS = YES_AGGRESSIVE;
				GCC_WARN_UNUSED_FUNCTION = YES;
				GCC_WARN_UNUSED_VARIABLE = YES;
				IPHONEOS_DEPLOYMENT_TARGET = 16.1;
				MTL_ENABLE_DEBUG_INFO = INCLUDE_SOURCE;
				MTL_FAST_MATH = YES;
				ONLY_ACTIVE_ARCH = YES;
				SDKROOT = iphoneos;
				SWIFT_ACTIVE_COMPILATION_CONDITIONS = DEBUG;
				SWIFT_OPTIMIZATION_LEVEL = "-Onone";
			};
			name = Debug;
		};
		1B10D49C2A01481600B99F0C /* Release */ = {
			isa = XCBuildConfiguration;
			buildSettings = {
				ALWAYS_SEARCH_USER_PATHS = NO;
				CLANG_ANALYZER_NONNULL = YES;
				CLANG_ANALYZER_NUMBER_OBJECT_CONVERSION = YES_AGGRESSIVE;
				CLANG_CXX_LANGUAGE_STANDARD = "gnu++20";
				CLANG_ENABLE_MODULES = YES;
				CLANG_ENABLE_OBJC_ARC = YES;
				CLANG_ENABLE_OBJC_WEAK = YES;
				CLANG_WARN_BLOCK_CAPTURE_AUTORELEASING = YES;
				CLANG_WARN_BOOL_CONVERSION = YES;
				CLANG_WARN_COMMA = YES;
				CLANG_WARN_CONSTANT_CONVERSION = YES;
				CLANG_WARN_DEPRECATED_OBJC_IMPLEMENTATIONS = YES;
				CLANG_WARN_DIRECT_OBJC_ISA_USAGE = YES_ERROR;
				CLANG_WARN_DOCUMENTATION_COMMENTS = YES;
				CLANG_WARN_EMPTY_BODY = YES;
				CLANG_WARN_ENUM_CONVERSION = YES;
				CLANG_WARN_INFINITE_RECURSION = YES;
				CLANG_WARN_INT_CONVERSION = YES;
				CLANG_WARN_NON_LITERAL_NULL_CONVERSION = YES;
				CLANG_WARN_OBJC_IMPLICIT_RETAIN_SELF = YES;
				CLANG_WARN_OBJC_LITERAL_CONVERSION = YES;
				CLANG_WARN_OBJC_ROOT_CLASS = YES_ERROR;
				CLANG_WARN_QUOTED_INCLUDE_IN_FRAMEWORK_HEADER = YES;
				CLANG_WARN_RANGE_LOOP_ANALYSIS = YES;
				CLANG_WARN_STRICT_PROTOTYPES = YES;
				CLANG_WARN_SUSPICIOUS_MOVE = YES;
				CLANG_WARN_UNGUARDED_AVAILABILITY = YES_AGGRESSIVE;
				CLANG_WARN_UNREACHABLE_CODE = YES;
				CLANG_WARN__DUPLICATE_METHOD_MATCH = YES;
				COPY_PHASE_STRIP = NO;
				DEBUG_INFORMATION_FORMAT = "dwarf-with-dsym";
				ENABLE_NS_ASSERTIONS = NO;
				ENABLE_STRICT_OBJC_MSGSEND = YES;
				GCC_C_LANGUAGE_STANDARD = gnu11;
				GCC_NO_COMMON_BLOCKS = YES;
				GCC_WARN_64_TO_32_BIT_CONVERSION = YES;
				GCC_WARN_ABOUT_RETURN_TYPE = YES_ERROR;
				GCC_WARN_UNDECLARED_SELECTOR = YES;
				GCC_WARN_UNINITIALIZED_AUTOS = YES_AGGRESSIVE;
				GCC_WARN_UNUSED_FUNCTION = YES;
				GCC_WARN_UNUSED_VARIABLE = YES;
				IPHONEOS_DEPLOYMENT_TARGET = 16.1;
				MTL_ENABLE_DEBUG_INFO = NO;
				MTL_FAST_MATH = YES;
				SDKROOT = iphoneos;
				SWIFT_COMPILATION_MODE = wholemodule;
				SWIFT_OPTIMIZATION_LEVEL = "-O";
				VALIDATE_PRODUCT = YES;
			};
			name = Release;
		};
		1B10D49E2A01481600B99F0C /* Debug */ = {
			isa = XCBuildConfiguration;
			buildSettings = {
				ASSETCATALOG_COMPILER_APPICON_NAME = AppIcon;
				ASSETCATALOG_COMPILER_GLOBAL_ACCENT_COLOR_NAME = AccentColor;
				CLANG_ENABLE_MODULES = YES;
				CODE_SIGN_STYLE = Automatic;
				CURRENT_PROJECT_VERSION = 1;
				DEVELOPMENT_TEAM = "";
				GENERATE_INFOPLIST_FILE = YES;
				INFOPLIST_FILE = "TIC-ConsumoAPI-Template/Info.plist";
				INFOPLIST_KEY_UIApplicationSupportsIndirectInputEvents = YES;
				INFOPLIST_KEY_UILaunchStoryboardName = LaunchScreen;
				INFOPLIST_KEY_UIMainStoryboardFile = Main;
				INFOPLIST_KEY_UISupportedInterfaceOrientations_iPad = "UIInterfaceOrientationPortrait UIInterfaceOrientationPortraitUpsideDown UIInterfaceOrientationLandscapeLeft UIInterfaceOrientationLandscapeRight";
				INFOPLIST_KEY_UISupportedInterfaceOrientations_iPhone = "UIInterfaceOrientationPortrait UIInterfaceOrientationLandscapeLeft UIInterfaceOrientationLandscapeRight";
				IPHONEOS_DEPLOYMENT_TARGET = 14.0;
				LD_RUNPATH_SEARCH_PATHS = (
					"$(inherited)",
					"@executable_path/Frameworks",
				);
				MARKETING_VERSION = 1.0;
				PRODUCT_BUNDLE_IDENTIFIER = "com.TIC-ConsumoAPI-Template";
				PRODUCT_NAME = "$(TARGET_NAME)";
				SWIFT_EMIT_LOC_STRINGS = YES;
				SWIFT_OPTIMIZATION_LEVEL = "-Onone";
				SWIFT_VERSION = 5.0;
				TARGETED_DEVICE_FAMILY = "1,2";
			};
			name = Debug;
		};
		1B10D49F2A01481600B99F0C /* Release */ = {
			isa = XCBuildConfiguration;
			buildSettings = {
				ASSETCATALOG_COMPILER_APPICON_NAME = AppIcon;
				ASSETCATALOG_COMPILER_GLOBAL_ACCENT_COLOR_NAME = AccentColor;
				CLANG_ENABLE_MODULES = YES;
				CODE_SIGN_STYLE = Automatic;
				CURRENT_PROJECT_VERSION = 1;
				DEVELOPMENT_TEAM = "";
				GENERATE_INFOPLIST_FILE = YES;
				INFOPLIST_FILE = "TIC-ConsumoAPI-Template/Info.plist";
				INFOPLIST_KEY_UIApplicationSupportsIndirectInputEvents = YES;
				INFOPLIST_KEY_UILaunchStoryboardName = LaunchScreen;
				INFOPLIST_KEY_UIMainStoryboardFile = Main;
				INFOPLIST_KEY_UISupportedInterfaceOrientations_iPad = "UIInterfaceOrientationPortrait UIInterfaceOrientationPortraitUpsideDown UIInterfaceOrientationLandscapeLeft UIInterfaceOrientationLandscapeRight";
				INFOPLIST_KEY_UISupportedInterfaceOrientations_iPhone = "UIInterfaceOrientationPortrait UIInterfaceOrientationLandscapeLeft UIInterfaceOrientationLandscapeRight";
				IPHONEOS_DEPLOYMENT_TARGET = 14.0;
				LD_RUNPATH_SEARCH_PATHS = (
					"$(inherited)",
					"@executable_path/Frameworks",
				);
				MARKETING_VERSION = 1.0;
				PRODUCT_BUNDLE_IDENTIFIER = "com.TIC-ConsumoAPI-Template";
				PRODUCT_NAME = "$(TARGET_NAME)";
				SWIFT_EMIT_LOC_STRINGS = YES;
				SWIFT_VERSION = 5.0;
				TARGETED_DEVICE_FAMILY = "1,2";
			};
			name = Release;
		};
/* End XCBuildConfiguration section */

/* Begin XCConfigurationList section */
		1B10D4842A01481500B99F0C /* Build configuration list for PBXProject "TIC-ConsumoAPI-Template" */ = {
			isa = XCConfigurationList;
			buildConfigurations = (
				1B10D49B2A01481600B99F0C /* Debug */,
				1B10D49C2A01481600B99F0C /* Release */,
			);
			defaultConfigurationIsVisible = 0;
			defaultConfigurationName = Release;
		};
		1B10D49D2A01481600B99F0C /* Build configuration list for PBXNativeTarget "TIC-ConsumoAPI-Template" */ = {
			isa = XCConfigurationList;
			buildConfigurations = (
				1B10D49E2A01481600B99F0C /* Debug */,
				1B10D49F2A01481600B99F0C /* Release */,
			);
			defaultConfigurationIsVisible = 0;
			defaultConfigurationName = Release;
		};
/* End XCConfigurationList section */
	};
	rootObject = 1B10D4812A01481500B99F0C /* Project object */;
}
